
Microsoft Visual Studio Solution File, Format Version 12.00
# Visual Studio 2013
VisualStudioVersion = 12.0.21005.1
MinimumVisualStudioVersion = 10.0.40219.1
Project("{FAE04EC0-301F-11D3-BF4B-00C04F79EFBC}") = "KataCalculator.Tests", "KataCalculator.Tests\KataCalculator.Tests.csproj", "{ECAEF52E-3F1E-4478-A6DF-BB49BE817C51}"
EndProject
Global
	GlobalSection(SolutionConfigurationPlatforms) = preSolution
		Debug|Any CPU = Debug|Any CPU
		Release|Any CPU = Release|Any CPU
	EndGlobalSection
	GlobalSection(ProjectConfigurationPlatforms) = postSolution
		{ECAEF52E-3F1E-4478-A6DF-BB49BE817C51}.Debug|Any CPU.ActiveCfg = Debug|Any CPU
		{ECAEF52E-3F1E-4478-A6DF-BB49BE817C51}.Debug|Any CPU.Build.0 = Debug|Any CPU
		{ECAEF52E-3F1E-4478-A6DF-BB49BE817C51}.Release|Any CPU.ActiveCfg = Release|Any CPU
		{ECAEF52E-3F1E-4478-A6DF-BB49BE817C51}.Release|Any CPU.Build.0 = Release|Any CPU
	EndGlobalSection
	GlobalSection(SolutionProperties) = preSolution
		HideSolutionNode = FALSE
	EndGlobalSection
EndGlobal
